
Microsoft Visual Studio Solution File, Format Version 12.00
# Visual Studio Version 17
VisualStudioVersion = 17.3.32929.385
MinimumVisualStudioVersion = 10.0.40219.1
Project("{FAE04EC0-301F-11D3-BF4B-00C04F79EFBC}") = "MultiForms", "MultiForms.csproj", "{9E4C80C0-67C1-40EB-BEF0-59458F33B398}"
EndProject
Global
	GlobalSection(SolutionConfigurationPlatforms) = preSolution
		Debug|Any CPU = Debug|Any CPU
		Release|Any CPU = Release|Any CPU
	EndGlobalSection
	GlobalSection(ProjectConfigurationPlatforms) = postSolution
		{9E4C80C0-67C1-40EB-BEF0-59458F33B398}.Debug|Any CPU.ActiveCfg = Debug|Any CPU
		{9E4C80C0-67C1-40EB-BEF0-59458F33B398}.Debug|Any CPU.Build.0 = Debug|Any CPU
		{9E4C80C0-67C1-40EB-BEF0-59458F33B398}.Release|Any CPU.ActiveCfg = Release|Any CPU
		{9E4C80C0-67C1-40EB-BEF0-59458F33B398}.Release|Any CPU.Build.0 = Release|Any CPU
	EndGlobalSection
	GlobalSection(SolutionProperties) = preSolution
		HideSolutionNode = FALSE
	EndGlobalSection
	GlobalSection(ExtensibilityGlobals) = postSolution
		SolutionGuid = {836AE2C0-4535-4F4B-8A4E-C409D8829373}
	EndGlobalSection
EndGlobal
